
Microsoft Visual Studio Solution File, Format Version 12.00
# Visual Studio 2012
Project("{2150E333-8FDC-42A3-9474-1A3956D46DE8}") = "WebProjects", "WebProjects", "{929C931A-8A1D-47E9-906F-60D68C6A3E42}"
EndProject
Project("{2150E333-8FDC-42A3-9474-1A3956D46DE8}") = "Services", "Services", "{D93C068B-D307-41C2-9F78-5E2245D35A0F}"
EndProject
Project("{2150E333-8FDC-42A3-9474-1A3956D46DE8}") = "Common", "Common", "{41E45C35-93C6-4DEA-85CD-9FD8EF625E4E}"
EndProject
Project("{FAE04EC0-301F-11D3-BF4B-00C04F79EFBC}") = "Game.Web", "WebProjects\Game.Web\Game.Web.csproj", "{D43FC7D5-FE05-42EE-B17E-C0FA7AECDEBF}"
EndProject
Project("{FAE04EC0-301F-11D3-BF4B-00C04F79EFBC}") = "Game.Facade", "Services\Game.Facade\Game.Facade.csproj", "{E7E7EC24-2A56-4223-95E9-885C860EF04F}"
EndProject
Project("{FAE04EC0-301F-11D3-BF4B-00C04F79EFBC}") = "Game.Entity", "Services\Game.Entity\Game.Entity.csproj", "{54A1440A-6022-4BA9-91D1-3E897ED353E3}"
EndProject
Project("{FAE04EC0-301F-11D3-BF4B-00C04F79EFBC}") = "Game.Data", "Services\Game.Data\Game.Data.csproj", "{D4B97735-CEC5-44AA-8A7E-EC7523129849}"
EndProject
Project("{FAE04EC0-301F-11D3-BF4B-00C04F79EFBC}") = "Game.IData", "Services\Game.IData\Game.IData.csproj", "{8112655D-B531-4ACA-B068-79CEB119359C}"
EndProject
Project("{FAE04EC0-301F-11D3-BF4B-00C04F79EFBC}") = "Game.Kernel", "Game.Kernel\Game.Kernel.csproj", "{07E7B078-55C7-4CBC-BAB8-E7BA378E9DD6}"
EndProject
Project("{FAE04EC0-301F-11D3-BF4B-00C04F79EFBC}") = "Game.Utils", "Game.Utils\Game.Utils.csproj", "{3F57A7F2-3A90-43A3-8AE2-81BE3F171CB4}"
EndProject
Global
	GlobalSection(SolutionConfigurationPlatforms) = preSolution
		Debug|Any CPU = Debug|Any CPU
		Release|Any CPU = Release|Any CPU
	EndGlobalSection
	GlobalSection(ProjectConfigurationPlatforms) = postSolution
		{D43FC7D5-FE05-42EE-B17E-C0FA7AECDEBF}.Debug|Any CPU.ActiveCfg = Debug|Any CPU
		{D43FC7D5-FE05-42EE-B17E-C0FA7AECDEBF}.Debug|Any CPU.Build.0 = Debug|Any CPU
		{D43FC7D5-FE05-42EE-B17E-C0FA7AECDEBF}.Release|Any CPU.ActiveCfg = Release|Any CPU
		{D43FC7D5-FE05-42EE-B17E-C0FA7AECDEBF}.Release|Any CPU.Build.0 = Release|Any CPU
		{E7E7EC24-2A56-4223-95E9-885C860EF04F}.Debug|Any CPU.ActiveCfg = Debug|Any CPU
		{E7E7EC24-2A56-4223-95E9-885C860EF04F}.Debug|Any CPU.Build.0 = Debug|Any CPU
		{E7E7EC24-2A56-4223-95E9-885C860EF04F}.Release|Any CPU.ActiveCfg = Release|Any CPU
		{E7E7EC24-2A56-4223-95E9-885C860EF04F}.Release|Any CPU.Build.0 = Release|Any CPU
		{54A1440A-6022-4BA9-91D1-3E897ED353E3}.Debug|Any CPU.ActiveCfg = Debug|Any CPU
		{54A1440A-6022-4BA9-91D1-3E897ED353E3}.Debug|Any CPU.Build.0 = Debug|Any CPU
		{54A1440A-6022-4BA9-91D1-3E897ED353E3}.Release|Any CPU.ActiveCfg = Release|Any CPU
		{54A1440A-6022-4BA9-91D1-3E897ED353E3}.Release|Any CPU.Build.0 = Release|Any CPU
		{D4B97735-CEC5-44AA-8A7E-EC7523129849}.Debug|Any CPU.ActiveCfg = Debug|Any CPU
		{D4B97735-CEC5-44AA-8A7E-EC7523129849}.Debug|Any CPU.Build.0 = Debug|Any CPU
		{D4B97735-CEC5-44AA-8A7E-EC7523129849}.Release|Any CPU.ActiveCfg = Release|Any CPU
		{D4B97735-CEC5-44AA-8A7E-EC7523129849}.Release|Any CPU.Build.0 = Release|Any CPU
		{8112655D-B531-4ACA-B068-79CEB119359C}.Debug|Any CPU.ActiveCfg = Debug|Any CPU
		{8112655D-B531-4ACA-B068-79CEB119359C}.Debug|Any CPU.Build.0 = Debug|Any CPU
		{8112655D-B531-4ACA-B068-79CEB119359C}.Release|Any CPU.ActiveCfg = Release|Any CPU
		{8112655D-B531-4ACA-B068-79CEB119359C}.Release|Any CPU.Build.0 = Release|Any CPU
		{07E7B078-55C7-4CBC-BAB8-E7BA378E9DD6}.Debug|Any CPU.ActiveCfg = Debug|Any CPU
		{07E7B078-55C7-4CBC-BAB8-E7BA378E9DD6}.Debug|Any CPU.Build.0 = Debug|Any CPU
		{07E7B078-55C7-4CBC-BAB8-E7BA378E9DD6}.Release|Any CPU.ActiveCfg = Release|Any CPU
		{07E7B078-55C7-4CBC-BAB8-E7BA378E9DD6}.Release|Any CPU.Build.0 = Release|Any CPU
		{3F57A7F2-3A90-43A3-8AE2-81BE3F171CB4}.Debug|Any CPU.ActiveCfg = Debug|Any CPU
		{3F57A7F2-3A90-43A3-8AE2-81BE3F171CB4}.Debug|Any CPU.Build.0 = Debug|Any CPU
		{3F57A7F2-3A90-43A3-8AE2-81BE3F171CB4}.Release|Any CPU.ActiveCfg = Release|Any CPU
		{3F57A7F2-3A90-43A3-8AE2-81BE3F171CB4}.Release|Any CPU.Build.0 = Release|Any CPU
	EndGlobalSection
	GlobalSection(SolutionProperties) = preSolution
		HideSolutionNode = FALSE
	EndGlobalSection
	GlobalSection(NestedProjects) = preSolution
		{D43FC7D5-FE05-42EE-B17E-C0FA7AECDEBF} = {929C931A-8A1D-47E9-906F-60D68C6A3E42}
		{E7E7EC24-2A56-4223-95E9-885C860EF04F} = {D93C068B-D307-41C2-9F78-5E2245D35A0F}
		{54A1440A-6022-4BA9-91D1-3E897ED353E3} = {D93C068B-D307-41C2-9F78-5E2245D35A0F}
		{D4B97735-CEC5-44AA-8A7E-EC7523129849} = {D93C068B-D307-41C2-9F78-5E2245D35A0F}
		{8112655D-B531-4ACA-B068-79CEB119359C} = {D93C068B-D307-41C2-9F78-5E2245D35A0F}
		{07E7B078-55C7-4CBC-BAB8-E7BA378E9DD6} = {41E45C35-93C6-4DEA-85CD-9FD8EF625E4E}
		{3F57A7F2-3A90-43A3-8AE2-81BE3F171CB4} = {41E45C35-93C6-4DEA-85CD-9FD8EF625E4E}
	EndGlobalSection
EndGlobal
